// !$*UTF8*$!
{
	archiveVersion = 1;
	classes = {
	};
	objectVersion = 77;
	objects = {

/* Begin PBXBuildFile section */
		FDC290AA2E888A1F001DEC3F /* README.md in Resources */ = {isa = PBXBuildFile; fileRef = FDC290A92E888A17001DEC3F /* README.md */; };
/* End PBXBuildFile section */

/* Begin PBXContainerItemProxy section */
		FDC2908D2E8776CD001DEC3F /* PBXContainerItemProxy */ = {
			isa = PBXContainerItemProxy;
			containerPortal = FDC290762E8776CC001DEC3F /* Project object */;
			proxyType = 1;
			remoteGlobalIDString = FDC2907D2E8776CC001DEC3F;
			remoteInfo = "Antiwork Daemon";
		};
		FDC290972E8776CD001DEC3F /* PBXContainerItemProxy */ = {
			isa = PBXContainerItemProxy;
			containerPortal = FDC290762E8776CC001DEC3F /* Project object */;
			proxyType = 1;
			remoteGlobalIDString = FDC2907D2E8776CC001DEC3F;
			remoteInfo = "Antiwork Daemon";
		};
/* End PBXContainerItemProxy section */

/* Begin PBXFileReference section */
		FDC2907E2E8776CC001DEC3F /* Antiwork Daemon.app */ = {isa = PBXFileReference; explicitFileType = wrapper.application; includeInIndex = 0; path = "Antiwork Daemon.app"; sourceTree = BUILT_PRODUCTS_DIR; };
		FDC2908C2E8776CD001DEC3F /* Antiwork DaemonTests.xctest */ = {isa = PBXFileReference; explicitFileType = wrapper.cfbundle; includeInIndex = 0; path = "Antiwork DaemonTests.xctest"; sourceTree = BUILT_PRODUCTS_DIR; };
		FDC290962E8776CD001DEC3F /* Antiwork DaemonUITests.xctest */ = {isa = PBXFileReference; explicitFileType = wrapper.cfbundle; includeInIndex = 0; path = "Antiwork DaemonUITests.xctest"; sourceTree = BUILT_PRODUCTS_DIR; };
		FDC290A92E888A17001DEC3F /* README.md */ = {isa = PBXFileReference; lastKnownFileType = net.daringfireball.markdown; path = README.md; sourceTree = "<group>"; };
/* End PBXFileReference section */

/* Begin PBXFileSystemSynchronizedRootGroup section */
		FDC290802E8776CC001DEC3F /* Antiwork Daemon */ = {
			isa = PBXFileSystemSynchronizedRootGroup;
			path = "Antiwork Daemon";
			sourceTree = "<group>";
		};
		FDC2908F2E8776CD001DEC3F /* Antiwork DaemonTests */ = {
			isa = PBXFileSystemSynchronizedRootGroup;
			path = "Antiwork DaemonTests";
			sourceTree = "<group>";
		};
		FDC290992E8776CD001DEC3F /* Antiwork DaemonUITests */ = {
			isa = PBXFileSystemSynchronizedRootGroup;
			path = "Antiwork DaemonUITests";
			sourceTree = "<group>";
		};
/* End PBXFileSystemSynchronizedRootGroup section */

/* Begin PBXFrameworksBuildPhase section */
		FDC2907B2E8776CC001DEC3F /* Frameworks */ = {
			isa = PBXFrameworksBuildPhase;
			buildActionMask = 2147483647;
			files = (
			);
			runOnlyForDeploymentPostprocessing = 0;
		};
		FDC290892E8776CD001DEC3F /* Frameworks */ = {
			isa = PBXFrameworksBuildPhase;
			buildActionMask = 2147483647;
			files = (
			);
			runOnlyForDeploymentPostprocessing = 0;
		};
		FDC290932E8776CD001DEC3F /* Frameworks */ = {
			isa = PBXFrameworksBuildPhase;
			buildActionMask = 2147483647;
			files = (
			);
			runOnlyForDeploymentPostprocessing = 0;
		};
/* End PBXFrameworksBuildPhase section */

/* Begin PBXGroup section */
		FDC290752E8776CC001DEC3F = {
			isa = PBXGroup;
			children = (
				FDC290A92E888A17001DEC3F /* README.md */,
				FDC290802E8776CC001DEC3F /* Antiwork Daemon */,
				FDC2908F2E8776CD001DEC3F /* Antiwork DaemonTests */,
				FDC290992E8776CD001DEC3F /* Antiwork DaemonUITests */,
				FDC2907F2E8776CC001DEC3F /* Products */,
			);
			sourceTree = "<group>";
		};
		FDC2907F2E8776CC001DEC3F /* Products */ = {
			isa = PBXGroup;
			children = (
				FDC2907E2E8776CC001DEC3F /* Antiwork Daemon.app */,
				FDC2908C2E8776CD001DEC3F /* Antiwork DaemonTests.xctest */,
				FDC290962E8776CD001DEC3F /* Antiwork DaemonUITests.xctest */,
			);
			name = Products;
			sourceTree = "<group>";
		};
/* End PBXGroup section */

/* Begin PBXNativeTarget section */
		FDC2907D2E8776CC001DEC3F /* Antiwork Daemon */ = {
			isa = PBXNativeTarget;
			buildConfigurationList = FDC290A02E8776CD001DEC3F /* Build configuration list for PBXNativeTarget "Antiwork Daemon" */;
			buildPhases = (
				FDC2907A2E8776CC001DEC3F /* Sources */,
				FDC2907B2E8776CC001DEC3F /* Frameworks */,
				FDC2907C2E8776CC001DEC3F /* Resources */,
			);
			buildRules = (
			);
			dependencies = (
			);
			fileSystemSynchronizedGroups = (
				FDC290802E8776CC001DEC3F /* Antiwork Daemon */,
			);
			name = "Antiwork Daemon";
			packageProductDependencies = (
			);
			productName = "Antiwork Daemon";
			productReference = FDC2907E2E8776CC001DEC3F /* Antiwork Daemon.app */;
			productType = "com.apple.product-type.application";
		};
		FDC2908B2E8776CD001DEC3F /* Antiwork DaemonTests */ = {
			isa = PBXNativeTarget;
			buildConfigurationList = FDC290A32E8776CD001DEC3F /* Build configuration list for PBXNativeTarget "Antiwork DaemonTests" */;
			buildPhases = (
				FDC290882E8776CD001DEC3F /* Sources */,
				FDC290892E8776CD001DEC3F /* Frameworks */,
				FDC2908A2E8776CD001DEC3F /* Resources */,
			);
			buildRules = (
			);
			dependencies = (
				FDC2908E2E8776CD001DEC3F /* PBXTargetDependency */,
			);
			fileSystemSynchronizedGroups = (
				FDC2908F2E8776CD001DEC3F /* Antiwork DaemonTests */,
			);
			name = "Antiwork DaemonTests";
			packageProductDependencies = (
			);
			productName = "Antiwork DaemonTests";
			productReference = FDC2908C2E8776CD001DEC3F /* Antiwork DaemonTests.xctest */;
			productType = "com.apple.product-type.bundle.unit-test";
		};
		FDC290952E8776CD001DEC3F /* Antiwork DaemonUITests */ = {
			isa = PBXNativeTarget;
			buildConfigurationList = FDC290A62E8776CD001DEC3F /* Build configuration list for PBXNativeTarget "Antiwork DaemonUITests" */;
			buildPhases = (
				FDC290922E8776CD001DEC3F /* Sources */,
				FDC290932E8776CD001DEC3F /* Frameworks */,
				FDC290942E8776CD001DEC3F /* Resources */,
			);
			buildRules = (
			);
			dependencies = (
				FDC290982E8776CD001DEC3F /* PBXTargetDependency */,
			);
			fileSystemSynchronizedGroups = (
				FDC290992E8776CD001DEC3F /* Antiwork DaemonUITests */,
			);
			name = "Antiwork DaemonUITests";
			packageProductDependencies = (
			);
			productName = "Antiwork DaemonUITests";
			productReference = FDC290962E8776CD001DEC3F /* Antiwork DaemonUITests.xctest */;
			productType = "com.apple.product-type.bundle.ui-testing";
		};
/* End PBXNativeTarget section */

/* Begin PBXProject section */
		FDC290762E8776CC001DEC3F /* Project object */ = {
			isa = PBXProject;
			attributes = {
				BuildIndependentTargetsInParallel = 1;
				LastSwiftUpdateCheck = 1630;
				LastUpgradeCheck = 1630;
				TargetAttributes = {
					FDC2907D2E8776CC001DEC3F = {
						CreatedOnToolsVersion = 16.3;
					};
					FDC2908B2E8776CD001DEC3F = {
						CreatedOnToolsVersion = 16.3;
						TestTargetID = FDC2907D2E8776CC001DEC3F;
					};
					FDC290952E8776CD001DEC3F = {
						CreatedOnToolsVersion = 16.3;
						TestTargetID = FDC2907D2E8776CC001DEC3F;
					};
				};
			};
			buildConfigurationList = FDC290792E8776CC001DEC3F /* Build configuration list for PBXProject "Antiwork Daemon" */;
			developmentRegion = en;
			hasScannedForEncodings = 0;
			knownRegions = (
				en,
				Base,
			);
			mainGroup = FDC290752E8776CC001DEC3F;
			minimizedProjectReferenceProxies = 1;
			preferredProjectObjectVersion = 77;
			productRefGroup = FDC2907F2E8776CC001DEC3F /* Products */;
			projectDirPath = "";
			projectRoot = "";
			targets = (
				FDC2907D2E8776CC001DEC3F /* Antiwork Daemon */,
				FDC2908B2E8776CD001DEC3F /* Antiwork DaemonTests */,
				FDC290952E8776CD001DEC3F /* Antiwork DaemonUITests */,
			);
		};
/* End PBXProject section */

/* Begin PBXResourcesBuildPhase section */
		FDC2907C2E8776CC001DEC3F /* Resources */ = {
			isa = PBXResourcesBuildPhase;
			buildActionMask = 2147483647;
			files = (
				FDC290AA2E888A1F001DEC3F /* README.md in Resources */,
			);
			runOnlyForDeploymentPostprocessing = 0;
		};
		FDC2908A2E8776CD001DEC3F /* Resources */ = {
			isa = PBXResourcesBuildPhase;
			buildActionMask = 2147483647;
			files = (
			);
			runOnlyForDeploymentPostprocessing = 0;
		};
		FDC290942E8776CD001DEC3F /* Resources */ = {
			isa = PBXResourcesBuildPhase;
			buildActionMask = 2147483647;
			files = (
			);
			runOnlyForDeploymentPostprocessing = 0;
		};
/* End PBXResourcesBuildPhase section */

/* Begin PBXSourcesBuildPhase section */
		FDC2907A2E8776CC001DEC3F /* Sources */ = {
			isa = PBXSourcesBuildPhase;
			buildActionMask = 2147483647;
			files = (
			);
			runOnlyForDeploymentPostprocessing = 0;
		};
		FDC290882E8776CD001DEC3F /* Sources */ = {
			isa = PBXSourcesBuildPhase;
			buildActionMask = 2147483647;
			files = (
			);
			runOnlyForDeploymentPostprocessing = 0;
		};
		FDC290922E8776CD001DEC3F /* Sources */ = {
			isa = PBXSourcesBuildPhase;
			buildActionMask = 2147483647;
			files = (
			);
			runOnlyForDeploymentPostprocessing = 0;
		};
/* End PBXSourcesBuildPhase section */

/* Begin PBXTargetDependency section */
		FDC2908E2E8776CD001DEC3F /* PBXTargetDependency */ = {
			isa = PBXTargetDependency;
			target = FDC2907D2E8776CC001DEC3F /* Antiwork Daemon */;
			targetProxy = FDC2908D2E8776CD001DEC3F /* PBXContainerItemProxy */;
		};
		FDC290982E8776CD001DEC3F /* PBXTargetDependency */ = {
			isa = PBXTargetDependency;
			target = FDC2907D2E8776CC001DEC3F /* Antiwork Daemon */;
			targetProxy = FDC290972E8776CD001DEC3F /* PBXContainerItemProxy */;
		};
/* End PBXTargetDependency section */

/* Begin XCBuildConfiguration section */
		FDC2909E2E8776CD001DEC3F /* Debug */ = {
			isa = XCBuildConfiguration;
			buildSettings = {
				ALWAYS_SEARCH_USER_PATHS = NO;
				ASSETCATALOG_COMPILER_GENERATE_SWIFT_ASSET_SYMBOL_EXTENSIONS = YES;
				CLANG_ANALYZER_NONNULL = YES;
				CLANG_ANALYZER_NUMBER_OBJECT_CONVERSION = YES_AGGRESSIVE;
				CLANG_CXX_LANGUAGE_STANDARD = "gnu++20";
				CLANG_ENABLE_MODULES = YES;
				CLANG_ENABLE_OBJC_ARC = YES;
				CLANG_ENABLE_OBJC_WEAK = YES;
				CLANG_WARN_BLOCK_CAPTURE_AUTORELEASING = YES;
				CLANG_WARN_BOOL_CONVERSION = YES;
				CLANG_WARN_COMMA = YES;
				CLANG_WARN_CONSTANT_CONVERSION = YES;
				CLANG_WARN_DEPRECATED_OBJC_IMPLEMENTATIONS = YES;
				CLANG_WARN_DIRECT_OBJC_ISA_USAGE = YES_ERROR;
				CLANG_WARN_DOCUMENTATION_COMMENTS = YES;
				CLANG_WARN_EMPTY_BODY = YES;
				CLANG_WARN_ENUM_CONVERSION = YES;
				CLANG_WARN_INFINITE_RECURSION = YES;
				CLANG_WARN_INT_CONVERSION = YES;
				CLANG_WARN_NON_LITERAL_NULL_CONVERSION = YES;
				CLANG_WARN_OBJC_IMPLICIT_RETAIN_SELF = YES;
				CLANG_WARN_OBJC_LITERAL_CONVERSION = YES;
				CLANG_WARN_OBJC_ROOT_CLASS = YES_ERROR;
				CLANG_WARN_QUOTED_INCLUDE_IN_FRAMEWORK_HEADER = YES;
				CLANG_WARN_RANGE_LOOP_ANALYSIS = YES;
				CLANG_WARN_STRICT_PROTOTYPES = YES;
				CLANG_WARN_SUSPICIOUS_MOVE = YES;
				CLANG_WARN_UNGUARDED_AVAILABILITY = YES_AGGRESSIVE;
				CLANG_WARN_UNREACHABLE_CODE = YES;
				CLANG_WARN__DUPLICATE_METHOD_MATCH = YES;
				COPY_PHASE_STRIP = NO;
				DEBUG_INFORMATION_FORMAT = dwarf;
				DEVELOPMENT_TEAM = 4F2WJ743MB;
				ENABLE_STRICT_OBJC_MSGSEND = YES;
				ENABLE_TESTABILITY = YES;
				ENABLE_USER_SCRIPT_SANDBOXING = YES;
				GCC_C_LANGUAGE_STANDARD = gnu17;
				GCC_DYNAMIC_NO_PIC = NO;
				GCC_NO_COMMON_BLOCKS = YES;
				GCC_OPTIMIZATION_LEVEL = 0;
				GCC_PREPROCESSOR_DEFINITIONS = (
					"DEBUG=1",
					"$(inherited)",
				);
				GCC_WARN_64_TO_32_BIT_CONVERSION = YES;
				GCC_WARN_ABOUT_RETURN_TYPE = YES_ERROR;
				GCC_WARN_UNDECLARED_SELECTOR = YES;
				GCC_WARN_UNINITIALIZED_AUTOS = YES_AGGRESSIVE;
				GCC_WARN_UNUSED_FUNCTION = YES;
				GCC_WARN_UNUSED_VARIABLE = YES;
				LOCALIZATION_PREFERS_STRING_CATALOGS = YES;
				MACOSX_DEPLOYMENT_TARGET = 15.4;
				MTL_ENABLE_DEBUG_INFO = INCLUDE_SOURCE;
				MTL_FAST_MATH = YES;
				ONLY_ACTIVE_ARCH = YES;
				SDKROOT = macosx;
				SWIFT_ACTIVE_COMPILATION_CONDITIONS = "DEBUG $(inherited)";
				SWIFT_OPTIMIZATION_LEVEL = "-Onone";
			};
			name = Debug;
		};
		FDC2909F2E8776CD001DEC3F /* Release */ = {
			isa = XCBuildConfiguration;
			buildSettings = {
				ALWAYS_SEARCH_USER_PATHS = NO;
				ASSETCATALOG_COMPILER_GENERATE_SWIFT_ASSET_SYMBOL_EXTENSIONS = YES;
				CLANG_ANALYZER_NONNULL = YES;
				CLANG_ANALYZER_NUMBER_OBJECT_CONVERSION = YES_AGGRESSIVE;
				CLANG_CXX_LANGUAGE_STANDARD = "gnu++20";
				CLANG_ENABLE_MODULES = YES;
				CLANG_ENABLE_OBJC_ARC = YES;
				CLANG_ENABLE_OBJC_WEAK = YES;
				CLANG_WARN_BLOCK_CAPTURE_AUTORELEASING = YES;
				CLANG_WARN_BOOL_CONVERSION = YES;
				CLANG_WARN_COMMA = YES;
				CLANG_WARN_CONSTANT_CONVERSION = YES;
				CLANG_WARN_DEPRECATED_OBJC_IMPLEMENTATIONS = YES;
				CLANG_WARN_DIRECT_OBJC_ISA_USAGE = YES_ERROR;
				CLANG_WARN_DOCUMENTATION_COMMENTS = YES;
				CLANG_WARN_EMPTY_BODY = YES;
				CLANG_WARN_ENUM_CONVERSION = YES;
				CLANG_WARN_INFINITE_RECURSION = YES;
				CLANG_WARN_INT_CONVERSION = YES;
				CLANG_WARN_NON_LITERAL_NULL_CONVERSION = YES;
				CLANG_WARN_OBJC_IMPLICIT_RETAIN_SELF = YES;
				CLANG_WARN_OBJC_LITERAL_CONVERSION = YES;
				CLANG_WARN_OBJC_ROOT_CLASS = YES_ERROR;
				CLANG_WARN_QUOTED_INCLUDE_IN_FRAMEWORK_HEADER = YES;
				CLANG_WARN_RANGE_LOOP_ANALYSIS = YES;
				CLANG_WARN_STRICT_PROTOTYPES = YES;
				CLANG_WARN_SUSPICIOUS_MOVE = YES;
				CLANG_WARN_UNGUARDED_AVAILABILITY = YES_AGGRESSIVE;
				CLANG_WARN_UNREACHABLE_CODE = YES;
				CLANG_WARN__DUPLICATE_METHOD_MATCH = YES;
				COPY_PHASE_STRIP = NO;
				DEBUG_INFORMATION_FORMAT = "dwarf-with-dsym";
				DEVELOPMENT_TEAM = 4F2WJ743MB;
				ENABLE_NS_ASSERTIONS = NO;
				ENABLE_STRICT_OBJC_MSGSEND = YES;
				ENABLE_USER_SCRIPT_SANDBOXING = YES;
				GCC_C_LANGUAGE_STANDARD = gnu17;
				GCC_NO_COMMON_BLOCKS = YES;
				GCC_WARN_64_TO_32_BIT_CONVERSION = YES;
				GCC_WARN_ABOUT_RETURN_TYPE = YES_ERROR;
				GCC_WARN_UNDECLARED_SELECTOR = YES;
				GCC_WARN_UNINITIALIZED_AUTOS = YES_AGGRESSIVE;
				GCC_WARN_UNUSED_FUNCTION = YES;
				GCC_WARN_UNUSED_VARIABLE = YES;
				LOCALIZATION_PREFERS_STRING_CATALOGS = YES;
				MACOSX_DEPLOYMENT_TARGET = 15.4;
				MTL_ENABLE_DEBUG_INFO = NO;
				MTL_FAST_MATH = YES;
				SDKROOT = macosx;
				SWIFT_COMPILATION_MODE = wholemodule;
			};
			name = Release;
		};
		FDC290A12E8776CD001DEC3F /* Debug */ = {
			isa = XCBuildConfiguration;
			buildSettings = {
				ASSETCATALOG_COMPILER_APPICON_NAME = AppIcon;
				ASSETCATALOG_COMPILER_GLOBAL_ACCENT_COLOR_NAME = AccentColor;
				CODE_SIGN_ENTITLEMENTS = "Antiwork Daemon/Antiwork_Daemon.entitlements";
				CODE_SIGN_STYLE = Automatic;
				COMBINE_HIDPI_IMAGES = YES;
				CURRENT_PROJECT_VERSION = 1;
				DEVELOPMENT_TEAM = 4F2WJ743MB;
				ENABLE_HARDENED_RUNTIME = YES;
				ENABLE_PREVIEWS = YES;
				GENERATE_INFOPLIST_FILE = YES;
				INFOPLIST_KEY_NSHumanReadableCopyright = "";
				LD_RUNPATH_SEARCH_PATHS = (
					"$(inherited)",
					"@executable_path/../Frameworks",
				);
				MARKETING_VERSION = 1.0;
				PRODUCT_BUNDLE_IDENTIFIER = "antiwork.Antiwork-Daemon";
				PRODUCT_NAME = "$(TARGET_NAME)";
				REGISTER_APP_GROUPS = YES;
				SWIFT_EMIT_LOC_STRINGS = YES;
				SWIFT_VERSION = 5.0;
			};
			name = Debug;
		};
		FDC290A22E8776CD001DEC3F /* Release */ = {
			isa = XCBuildConfiguration;
			buildSettings = {
				ASSETCATALOG_COMPILER_APPICON_NAME = AppIcon;
				ASSETCATALOG_COMPILER_GLOBAL_ACCENT_COLOR_NAME = AccentColor;
				CODE_SIGN_ENTITLEMENTS = "Antiwork Daemon/Antiwork_Daemon.entitlements";
				CODE_SIGN_STYLE = Automatic;
				COMBINE_HIDPI_IMAGES = YES;
				CURRENT_PROJECT_VERSION = 1;
				DEVELOPMENT_TEAM = 4F2WJ743MB;
				ENABLE_HARDENED_RUNTIME = YES;
				ENABLE_PREVIEWS = YES;
				GENERATE_INFOPLIST_FILE = YES;
				INFOPLIST_KEY_NSHumanReadableCopyright = "";
				LD_RUNPATH_SEARCH_PATHS = (
					"$(inherited)",
					"@executable_path/../Frameworks",
				);
				MARKETING_VERSION = 1.0;
				PRODUCT_BUNDLE_IDENTIFIER = "antiwork.Antiwork-Daemon";
				PRODUCT_NAME = "$(TARGET_NAME)";
				REGISTER_APP_GROUPS = YES;
				SWIFT_EMIT_LOC_STRINGS = YES;
				SWIFT_VERSION = 5.0;
			};
			name = Release;
		};
		FDC290A42E8776CD001DEC3F /* Debug */ = {
			isa = XCBuildConfiguration;
			buildSettings = {
				BUNDLE_LOADER = "$(TEST_HOST)";
				CODE_SIGN_STYLE = Automatic;
				CURRENT_PROJECT_VERSION = 1;
				DEVELOPMENT_TEAM = 4F2WJ743MB;
				GENERATE_INFOPLIST_FILE = YES;
				MACOSX_DEPLOYMENT_TARGET = 15.4;
				MARKETING_VERSION = 1.0;
				PRODUCT_BUNDLE_IDENTIFIER = "antiwork.Antiwork-DaemonTests";
				PRODUCT_NAME = "$(TARGET_NAME)";
				SWIFT_EMIT_LOC_STRINGS = NO;
				SWIFT_VERSION = 5.0;
				TEST_HOST = "$(BUILT_PRODUCTS_DIR)/Antiwork Daemon.app/$(BUNDLE_EXECUTABLE_FOLDER_PATH)/Antiwork Daemon";
			};
			name = Debug;
		};
		FDC290A52E8776CD001DEC3F /* Release */ = {
			isa = XCBuildConfiguration;
			buildSettings = {
				BUNDLE_LOADER = "$(TEST_HOST)";
				CODE_SIGN_STYLE = Automatic;
				CURRENT_PROJECT_VERSION = 1;
				DEVELOPMENT_TEAM = 4F2WJ743MB;
				GENERATE_INFOPLIST_FILE = YES;
				MACOSX_DEPLOYMENT_TARGET = 15.4;
				MARKETING_VERSION = 1.0;
				PRODUCT_BUNDLE_IDENTIFIER = "antiwork.Antiwork-DaemonTests";
				PRODUCT_NAME = "$(TARGET_NAME)";
				SWIFT_EMIT_LOC_STRINGS = NO;
				SWIFT_VERSION = 5.0;
				TEST_HOST = "$(BUILT_PRODUCTS_DIR)/Antiwork Daemon.app/$(BUNDLE_EXECUTABLE_FOLDER_PATH)/Antiwork Daemon";
			};
			name = Release;
		};
		FDC290A72E8776CD001DEC3F /* Debug */ = {
			isa = XCBuildConfiguration;
			buildSettings = {
				CODE_SIGN_STYLE = Automatic;
				CURRENT_PROJECT_VERSION = 1;
				DEVELOPMENT_TEAM = 4F2WJ743MB;
				GENERATE_INFOPLIST_FILE = YES;
				MARKETING_VERSION = 1.0;
				PRODUCT_BUNDLE_IDENTIFIER = "antiwork.Antiwork-DaemonUITests";
				PRODUCT_NAME = "$(TARGET_NAME)";
				SWIFT_EMIT_LOC_STRINGS = NO;
				SWIFT_VERSION = 5.0;
				TEST_TARGET_NAME = "Antiwork Daemon";
			};
			name = Debug;
		};
		FDC290A82E8776CD001DEC3F /* Release */ = {
			isa = XCBuildConfiguration;
			buildSettings = {
				CODE_SIGN_STYLE = Automatic;
				CURRENT_PROJECT_VERSION = 1;
				DEVELOPMENT_TEAM = 4F2WJ743MB;
				GENERATE_INFOPLIST_FILE = YES;
				MARKETING_VERSION = 1.0;
				PRODUCT_BUNDLE_IDENTIFIER = "antiwork.Antiwork-DaemonUITests";
				PRODUCT_NAME = "$(TARGET_NAME)";
				SWIFT_EMIT_LOC_STRINGS = NO;
				SWIFT_VERSION = 5.0;
				TEST_TARGET_NAME = "Antiwork Daemon";
			};
			name = Release;
		};
/* End XCBuildConfiguration section */

/* Begin XCConfigurationList section */
		FDC290792E8776CC001DEC3F /* Build configuration list for PBXProject "Antiwork Daemon" */ = {
			isa = XCConfigurationList;
			buildConfigurations = (
				FDC2909E2E8776CD001DEC3F /* Debug */,
				FDC2909F2E8776CD001DEC3F /* Release */,
			);
			defaultConfigurationIsVisible = 0;
			defaultConfigurationName = Release;
		};
		FDC290A02E8776CD001DEC3F /* Build configuration list for PBXNativeTarget "Antiwork Daemon" */ = {
			isa = XCConfigurationList;
			buildConfigurations = (
				FDC290A12E8776CD001DEC3F /* Debug */,
				FDC290A22E8776CD001DEC3F /* Release */,
			);
			defaultConfigurationIsVisible = 0;
			defaultConfigurationName = Release;
		};
		FDC290A32E8776CD001DEC3F /* Build configuration list for PBXNativeTarget "Antiwork DaemonTests" */ = {
			isa = XCConfigurationList;
			buildConfigurations = (
				FDC290A42E8776CD001DEC3F /* Debug */,
				FDC290A52E8776CD001DEC3F /* Release */,
			);
			defaultConfigurationIsVisible = 0;
			defaultConfigurationName = Release;
		};
		FDC290A62E8776CD001DEC3F /* Build configuration list for PBXNativeTarget "Antiwork DaemonUITests" */ = {
			isa = XCConfigurationList;
			buildConfigurations = (
				FDC290A72E8776CD001DEC3F /* Debug */,
				FDC290A82E8776CD001DEC3F /* Release */,
			);
			defaultConfigurationIsVisible = 0;
			defaultConfigurationName = Release;
		};
/* End XCConfigurationList section */
	};
	rootObject = FDC290762E8776CC001DEC3F /* Project object */;
}
